
Microsoft Visual Studio Solution File, Format Version 12.00
# Visual Studio Version 17
VisualStudioVersion = 17.14.36518.9 d17.14
MinimumVisualStudioVersion = 10.0.40219.1
Project("{2150E333-8FDC-42A3-9474-1A3956D46DE8}") = "Task 0", "Task 0", "{02EA681E-C7D8-13C7-8484-4AC65E1B71E8}"
EndProject
Project("{FAE04EC0-301F-11D3-BF4B-00C04F79EFBC}") = "Tyuiu.MihajlichenkoSB.Sprint3.Task0.V28.Lib", "Tyuiu.MihajlichenkoSB.Sprint3.Task0.V28.Lib\Tyuiu.MihajlichenkoSB.Sprint3.Task0.V28.Lib.csproj", "{A10F8215-6970-4020-92A3-4A2F373CA6A6}"
EndProject
Project("{FAE04EC0-301F-11D3-BF4B-00C04F79EFBC}") = "Tyuiu.MihajlichenkoSB.Sprint3.Task0.V28", "Tyuiu.MihajlichenkoSB.Sprint3.Task0.V28\Tyuiu.MihajlichenkoSB.Sprint3.Task0.V28.csproj", "{27CB49BF-302B-4FC5-A162-8EB333618B71}"
EndProject
Project("{FAE04EC0-301F-11D3-BF4B-00C04F79EFBC}") = "Tyuiu.MihajlichenkoSB.Sprint3.Task0.V28.Test", "Tyuiu.MihajlichenkoSB.Sprint3.Task0.V28.Test\Tyuiu.MihajlichenkoSB.Sprint3.Task0.V28.Test.csproj", "{A0316A93-D886-4B2C-BDE1-3983E478850D}"
EndProject
Project("{2150E333-8FDC-42A3-9474-1A3956D46DE8}") = "Task 1", "Task 1", "{C81338E8-5995-480C-B8A1-8C2D1B05AB10}"
EndProject
Project("{FAE04EC0-301F-11D3-BF4B-00C04F79EFBC}") = "Tyuiu.MihajlichenkoSB.Sprint3.Task1.V23.Lib", "Tyuiu.MihajlichenkoSB.Sprint3.Task1.V23.Lib\Tyuiu.MihajlichenkoSB.Sprint3.Task1.V23.Lib.csproj", "{F7414DB0-B3E8-4FFB-A1E7-C07FDE7446F9}"
EndProject
Project("{FAE04EC0-301F-11D3-BF4B-00C04F79EFBC}") = "Tyuiu.MihajlichenkoSB.Sprint3.Task1.V23", "Tyuiu.MihajlichenkoSB.Sprint3.Task1.V23\Tyuiu.MihajlichenkoSB.Sprint3.Task1.V23.csproj", "{7B91A409-523A-4E34-847B-4C11E5AEC873}"
EndProject
Project("{FAE04EC0-301F-11D3-BF4B-00C04F79EFBC}") = "Tyuiu.MihajlichenkoSB.Sprint3.Task1.V23.Test", "Tyuiu.MihajlichenkoSB.Sprint3.Task1.V23.Test\Tyuiu.MihajlichenkoSB.Sprint3.Task1.V23.Test.csproj", "{C124F226-CE2A-47F6-B839-142C0C0DDFF6}"
EndProject
Project("{2150E333-8FDC-42A3-9474-1A3956D46DE8}") = "Task 2", "Task 2", "{B1B731ED-3FA9-4A44-9936-768273154CBF}"
EndProject
Project("{FAE04EC0-301F-11D3-BF4B-00C04F79EFBC}") = "Tyuiu.MihajlichenkoSB.Sprint3.Task2.V18", "Tyuiu.MihajlichenkoSB.Sprint3.Task2.V18\Tyuiu.MihajlichenkoSB.Sprint3.Task2.V18.csproj", "{0C3A0EDE-C7F8-469C-945F-6F1AB1C649BA}"
EndProject
Project("{FAE04EC0-301F-11D3-BF4B-00C04F79EFBC}") = "Tyuiu.MihajlichenkoSB.Sprint3.Task2.V18.Test", "Tyuiu.MihajlichenkoSB.Sprint3.Task2.V18.Test\Tyuiu.MihajlichenkoSB.Sprint3.Task2.V18.Test.csproj", "{13C84E6F-3F5B-4BE0-B354-33E17C4AD475}"
EndProject
Project("{FAE04EC0-301F-11D3-BF4B-00C04F79EFBC}") = "Tyuiu.MihajlichenkoSB.Sprint3.Task2.V18.Lib", "Tyuiu.MihajlichenkoSB.Sprint3.Task2.V18.Lib\Tyuiu.MihajlichenkoSB.Sprint3.Task2.V18.Lib.csproj", "{09DF09B3-660D-44C9-82E5-430381BED405}"
EndProject
Project("{2150E333-8FDC-42A3-9474-1A3956D46DE8}") = "Task 3", "Task 3", "{7AAA87A2-FE58-4041-B7D7-98ECF51F8C60}"
EndProject
Project("{FAE04EC0-301F-11D3-BF4B-00C04F79EFBC}") = "Tyuiu.MihajlichenkoSB.Sprint3.Task3.V17.Lib", "Tyuiu.MihajlichenkoSB.Sprint3.Task3.V17.Lib\Tyuiu.MihajlichenkoSB.Sprint3.Task3.V17.Lib.csproj", "{F799A94A-1AEA-411A-BC18-18972348CB1D}"
EndProject
Project("{FAE04EC0-301F-11D3-BF4B-00C04F79EFBC}") = "Tyuiu.MihajlichenkoSB.Sprint3.Task3.V17", "Tyuiu.MihajlichenkoSB.Sprint3.Task3.V17\Tyuiu.MihajlichenkoSB.Sprint3.Task3.V17.csproj", "{3C883FFA-E720-4F5F-B1DA-77BD9DBD16C0}"
EndProject
Project("{FAE04EC0-301F-11D3-BF4B-00C04F79EFBC}") = "Tyuiu.MihajlichenkoSB.Sprint3.Task3.V17.Test", "Tyuiu.MihajlichenkoSB.Sprint3.Task3.V17.Test\Tyuiu.MihajlichenkoSB.Sprint3.Task3.V17.Test.csproj", "{49E2F70F-AABD-499A-942C-6EF6FD3FE085}"
EndProject
Global
	GlobalSection(SolutionConfigurationPlatforms) = preSolution
		Debug|Any CPU = Debug|Any CPU
		Release|Any CPU = Release|Any CPU
	EndGlobalSection
	GlobalSection(ProjectConfigurationPlatforms) = postSolution
		{A10F8215-6970-4020-92A3-4A2F373CA6A6}.Debug|Any CPU.ActiveCfg = Debug|Any CPU
		{A10F8215-6970-4020-92A3-4A2F373CA6A6}.Debug|Any CPU.Build.0 = Debug|Any CPU
		{A10F8215-6970-4020-92A3-4A2F373CA6A6}.Release|Any CPU.ActiveCfg = Release|Any CPU
		{A10F8215-6970-4020-92A3-4A2F373CA6A6}.Release|Any CPU.Build.0 = Release|Any CPU
		{27CB49BF-302B-4FC5-A162-8EB333618B71}.Debug|Any CPU.ActiveCfg = Debug|Any CPU
		{27CB49BF-302B-4FC5-A162-8EB333618B71}.Debug|Any CPU.Build.0 = Debug|Any CPU
		{27CB49BF-302B-4FC5-A162-8EB333618B71}.Release|Any CPU.ActiveCfg = Release|Any CPU
		{27CB49BF-302B-4FC5-A162-8EB333618B71}.Release|Any CPU.Build.0 = Release|Any CPU
		{A0316A93-D886-4B2C-BDE1-3983E478850D}.Debug|Any CPU.ActiveCfg = Debug|Any CPU
		{A0316A93-D886-4B2C-BDE1-3983E478850D}.Debug|Any CPU.Build.0 = Debug|Any CPU
		{A0316A93-D886-4B2C-BDE1-3983E478850D}.Release|Any CPU.ActiveCfg = Release|Any CPU
		{A0316A93-D886-4B2C-BDE1-3983E478850D}.Release|Any CPU.Build.0 = Release|Any CPU
		{F7414DB0-B3E8-4FFB-A1E7-C07FDE7446F9}.Debug|Any CPU.ActiveCfg = Debug|Any CPU
		{F7414DB0-B3E8-4FFB-A1E7-C07FDE7446F9}.Debug|Any CPU.Build.0 = Debug|Any CPU
		{F7414DB0-B3E8-4FFB-A1E7-C07FDE7446F9}.Release|Any CPU.ActiveCfg = Release|Any CPU
		{F7414DB0-B3E8-4FFB-A1E7-C07FDE7446F9}.Release|Any CPU.Build.0 = Release|Any CPU
		{7B91A409-523A-4E34-847B-4C11E5AEC873}.Debug|Any CPU.ActiveCfg = Debug|Any CPU
		{7B91A409-523A-4E34-847B-4C11E5AEC873}.Debug|Any CPU.Build.0 = Debug|Any CPU
		{7B91A409-523A-4E34-847B-4C11E5AEC873}.Release|Any CPU.ActiveCfg = Release|Any CPU
		{7B91A409-523A-4E34-847B-4C11E5AEC873}.Release|Any CPU.Build.0 = Release|Any CPU
		{C124F226-CE2A-47F6-B839-142C0C0DDFF6}.Debug|Any CPU.ActiveCfg = Debug|Any CPU
		{C124F226-CE2A-47F6-B839-142C0C0DDFF6}.Debug|Any CPU.Build.0 = Debug|Any CPU
		{C124F226-CE2A-47F6-B839-142C0C0DDFF6}.Release|Any CPU.ActiveCfg = Release|Any CPU
		{C124F226-CE2A-47F6-B839-142C0C0DDFF6}.Release|Any CPU.Build.0 = Release|Any CPU
		{0C3A0EDE-C7F8-469C-945F-6F1AB1C649BA}.Debug|Any CPU.ActiveCfg = Debug|Any CPU
		{0C3A0EDE-C7F8-469C-945F-6F1AB1C649BA}.Debug|Any CPU.Build.0 = Debug|Any CPU
		{0C3A0EDE-C7F8-469C-945F-6F1AB1C649BA}.Release|Any CPU.ActiveCfg = Release|Any CPU
		{0C3A0EDE-C7F8-469C-945F-6F1AB1C649BA}.Release|Any CPU.Build.0 = Release|Any CPU
		{13C84E6F-3F5B-4BE0-B354-33E17C4AD475}.Debug|Any CPU.ActiveCfg = Debug|Any CPU
		{13C84E6F-3F5B-4BE0-B354-33E17C4AD475}.Debug|Any CPU.Build.0 = Debug|Any CPU
		{13C84E6F-3F5B-4BE0-B354-33E17C4AD475}.Release|Any CPU.ActiveCfg = Release|Any CPU
		{13C84E6F-3F5B-4BE0-B354-33E17C4AD475}.Release|Any CPU.Build.0 = Release|Any CPU
		{09DF09B3-660D-44C9-82E5-430381BED405}.Debug|Any CPU.ActiveCfg = Debug|Any CPU
		{09DF09B3-660D-44C9-82E5-430381BED405}.Debug|Any CPU.Build.0 = Debug|Any CPU
		{09DF09B3-660D-44C9-82E5-430381BED405}.Release|Any CPU.ActiveCfg = Release|Any CPU
		{09DF09B3-660D-44C9-82E5-430381BED405}.Release|Any CPU.Build.0 = Release|Any CPU
		{F799A94A-1AEA-411A-BC18-18972348CB1D}.Debug|Any CPU.ActiveCfg = Debug|Any CPU
		{F799A94A-1AEA-411A-BC18-18972348CB1D}.Debug|Any CPU.Build.0 = Debug|Any CPU
		{F799A94A-1AEA-411A-BC18-18972348CB1D}.Release|Any CPU.ActiveCfg = Release|Any CPU
		{F799A94A-1AEA-411A-BC18-18972348CB1D}.Release|Any CPU.Build.0 = Release|Any CPU
		{3C883FFA-E720-4F5F-B1DA-77BD9DBD16C0}.Debug|Any CPU.ActiveCfg = Debug|Any CPU
		{3C883FFA-E720-4F5F-B1DA-77BD9DBD16C0}.Debug|Any CPU.Build.0 = Debug|Any CPU
		{3C883FFA-E720-4F5F-B1DA-77BD9DBD16C0}.Release|Any CPU.ActiveCfg = Release|Any CPU
		{3C883FFA-E720-4F5F-B1DA-77BD9DBD16C0}.Release|Any CPU.Build.0 = Release|Any CPU
		{49E2F70F-AABD-499A-942C-6EF6FD3FE085}.Debug|Any CPU.ActiveCfg = Debug|Any CPU
		{49E2F70F-AABD-499A-942C-6EF6FD3FE085}.Debug|Any CPU.Build.0 = Debug|Any CPU
		{49E2F70F-AABD-499A-942C-6EF6FD3FE085}.Release|Any CPU.ActiveCfg = Release|Any CPU
		{49E2F70F-AABD-499A-942C-6EF6FD3FE085}.Release|Any CPU.Build.0 = Release|Any CPU
	EndGlobalSection
	GlobalSection(SolutionProperties) = preSolution
		HideSolutionNode = FALSE
	EndGlobalSection
	GlobalSection(NestedProjects) = preSolution
		{A10F8215-6970-4020-92A3-4A2F373CA6A6} = {02EA681E-C7D8-13C7-8484-4AC65E1B71E8}
		{27CB49BF-302B-4FC5-A162-8EB333618B71} = {02EA681E-C7D8-13C7-8484-4AC65E1B71E8}
		{A0316A93-D886-4B2C-BDE1-3983E478850D} = {02EA681E-C7D8-13C7-8484-4AC65E1B71E8}
		{F7414DB0-B3E8-4FFB-A1E7-C07FDE7446F9} = {C81338E8-5995-480C-B8A1-8C2D1B05AB10}
		{7B91A409-523A-4E34-847B-4C11E5AEC873} = {C81338E8-5995-480C-B8A1-8C2D1B05AB10}
		{C124F226-CE2A-47F6-B839-142C0C0DDFF6} = {C81338E8-5995-480C-B8A1-8C2D1B05AB10}
		{0C3A0EDE-C7F8-469C-945F-6F1AB1C649BA} = {B1B731ED-3FA9-4A44-9936-768273154CBF}
		{13C84E6F-3F5B-4BE0-B354-33E17C4AD475} = {B1B731ED-3FA9-4A44-9936-768273154CBF}
		{09DF09B3-660D-44C9-82E5-430381BED405} = {B1B731ED-3FA9-4A44-9936-768273154CBF}
		{F799A94A-1AEA-411A-BC18-18972348CB1D} = {7AAA87A2-FE58-4041-B7D7-98ECF51F8C60}
		{3C883FFA-E720-4F5F-B1DA-77BD9DBD16C0} = {7AAA87A2-FE58-4041-B7D7-98ECF51F8C60}
		{49E2F70F-AABD-499A-942C-6EF6FD3FE085} = {7AAA87A2-FE58-4041-B7D7-98ECF51F8C60}
	EndGlobalSection
	GlobalSection(ExtensibilityGlobals) = postSolution
		SolutionGuid = {19934C38-2E2B-4270-8511-F9255A44D087}
	EndGlobalSection
EndGlobal
